// !$*UTF8*$!
{
	archiveVersion = 1;
	classes = {
	};
	objectVersion = 50;
	objects = {

/* Begin PBXBuildFile section */
		CD77D2B120953BAF005F316D /* AppDelegate.swift in Sources */ = {isa = PBXBuildFile; fileRef = CD77D2B020953BAF005F316D /* AppDelegate.swift */; };
		CD77D2B320953BAF005F316D /* ViewController.swift in Sources */ = {isa = PBXBuildFile; fileRef = CD77D2B220953BAF005F316D /* ViewController.swift */; };
		CD77D2B620953BAF005F316D /* Main.storyboard in Resources */ = {isa = PBXBuildFile; fileRef = CD77D2B420953BAF005F316D /* Main.storyboard */; };
		CD77D2B820953BB2005F316D /* Assets.xcassets in Resources */ = {isa = PBXBuildFile; fileRef = CD77D2B720953BB2005F316D /* Assets.xcassets */; };
		CD77D2BB20953BB2005F316D /* LaunchScreen.storyboard in Resources */ = {isa = PBXBuildFile; fileRef = CD77D2B920953BB2005F316D /* LaunchScreen.storyboard */; };
		CD77D2C320953D82005F316D /* Inceptionv3.mlmodel in Sources */ = {isa = PBXBuildFile; fileRef = CD77D2C220953D82005F316D /* Inceptionv3.mlmodel */; };
/* End PBXBuildFile section */

/* Begin PBXFileReference section */
		CD77D2AD20953BAF005F316D /* CoreMLExperiment.app */ = {isa = PBXFileReference; explicitFileType = wrapper.application; includeInIndex = 0; path = CoreMLExperiment.app; sourceTree = BUILT_PRODUCTS_DIR; };
		CD77D2B020953BAF005F316D /* AppDelegate.swift */ = {isa = PBXFileReference; lastKnownFileType = sourcecode.swift; path = AppDelegate.swift; sourceTree = "<group>"; };
		CD77D2B220953BAF005F316D /* ViewController.swift */ = {isa = PBXFileReference; lastKnownFileType = sourcecode.swift; path = ViewController.swift; sourceTree = "<group>"; };
		CD77D2B520953BAF005F316D /* Base */ = {isa = PBXFileReference; lastKnownFileType = file.storyboard; name = Base; path = Base.lproj/Main.storyboard; sourceTree = "<group>"; };
		CD77D2B720953BB2005F316D /* Assets.xcassets */ = {isa = PBXFileReference; lastKnownFileType = folder.assetcatalog; path = Assets.xcassets; sourceTree = "<group>"; };
		CD77D2BA20953BB2005F316D /* Base */ = {isa = PBXFileReference; lastKnownFileType = file.storyboard; name = Base; path = Base.lproj/LaunchScreen.storyboard; sourceTree = "<group>"; };
		CD77D2BC20953BB2005F316D /* Info.plist */ = {isa = PBXFileReference; lastKnownFileType = text.plist.xml; path = Info.plist; sourceTree = "<group>"; };
		CD77D2C220953D82005F316D /* Inceptionv3.mlmodel */ = {isa = PBXFileReference; lastKnownFileType = file.mlmodel; path = Inceptionv3.mlmodel; sourceTree = "<group>"; };
/* End PBXFileReference section */

/* Begin PBXFrameworksBuildPhase section */
		CD77D2AA20953BAF005F316D /* Frameworks */ = {
			isa = PBXFrameworksBuildPhase;
			buildActionMask = 2147483647;
			files = (
			);
			runOnlyForDeploymentPostprocessing = 0;
		};
/* End PBXFrameworksBuildPhase section */

/* Begin PBXGroup section */
		CD77D2A420953BAF005F316D = {
			isa = PBXGroup;
			children = (
				CD77D2AF20953BAF005F316D /* CoreMLExperiment */,
				CD77D2AE20953BAF005F316D /* Products */,
			);
			sourceTree = "<group>";
		};
		CD77D2AE20953BAF005F316D /* Products */ = {
			isa = PBXGroup;
			children = (
				CD77D2AD20953BAF005F316D /* CoreMLExperiment.app */,
			);
			name = Products;
			sourceTree = "<group>";
		};
		CD77D2AF20953BAF005F316D /* CoreMLExperiment */ = {
			isa = PBXGroup;
			children = (
				CD77D2B020953BAF005F316D /* AppDelegate.swift */,
				CD77D2B220953BAF005F316D /* ViewController.swift */,
				CD77D2B420953BAF005F316D /* Main.storyboard */,
				CD77D2B720953BB2005F316D /* Assets.xcassets */,
				CD77D2B920953BB2005F316D /* LaunchScreen.storyboard */,
				CD77D2BC20953BB2005F316D /* Info.plist */,
				CD77D2C220953D82005F316D /* Inceptionv3.mlmodel */,
			);
			path = CoreMLExperiment;
			sourceTree = "<group>";
		};
/* End PBXGroup section */

/* Begin PBXNativeTarget section */
		CD77D2AC20953BAF005F316D /* CoreMLExperiment */ = {
			isa = PBXNativeTarget;
			buildConfigurationList = CD77D2BF20953BB2005F316D /* Build configuration list for PBXNativeTarget "CoreMLExperiment" */;
			buildPhases = (
				CD77D2A920953BAF005F316D /* Sources */,
				CD77D2AA20953BAF005F316D /* Frameworks */,
				CD77D2AB20953BAF005F316D /* Resources */,
			);
			buildRules = (
			);
			dependencies = (
			);
			name = CoreMLExperiment;
			productName = CoreMLExperiment;
			productReference = CD77D2AD20953BAF005F316D /* CoreMLExperiment.app */;
			productType = "com.apple.product-type.application";
		};
/* End PBXNativeTarget section */

/* Begin PBXProject section */
		CD77D2A520953BAF005F316D /* Project object */ = {
			isa = PBXProject;
			attributes = {
				LastSwiftUpdateCheck = 0930;
				LastUpgradeCheck = 0930;
				ORGANIZATIONNAME = "Doug Mason";
				TargetAttributes = {
					CD77D2AC20953BAF005F316D = {
						CreatedOnToolsVersion = 9.3;
					};
				};
			};
			buildConfigurationList = CD77D2A820953BAF005F316D /* Build configuration list for PBXProject "CoreMLExperiment" */;
			compatibilityVersion = "Xcode 9.3";
			developmentRegion = en;
			hasScannedForEncodings = 0;
			knownRegions = (
				en,
				Base,
			);
			mainGroup = CD77D2A420953BAF005F316D;
			productRefGroup = CD77D2AE20953BAF005F316D /* Products */;
			projectDirPath = "";
			projectRoot = "";
			targets = (
				CD77D2AC20953BAF005F316D /* CoreMLExperiment */,
			);
		};
/* End PBXProject section */

/* Begin PBXResourcesBuildPhase section */
		CD77D2AB20953BAF005F316D /* Resources */ = {
			isa = PBXResourcesBuildPhase;
			buildActionMask = 2147483647;
			files = (
				CD77D2BB20953BB2005F316D /* LaunchScreen.storyboard in Resources */,
				CD77D2B820953BB2005F316D /* Assets.xcassets in Resources */,
				CD77D2B620953BAF005F316D /* Main.storyboard in Resources */,
			);
			runOnlyForDeploymentPostprocessing = 0;
		};
/* End PBXResourcesBuildPhase section */

/* Begin PBXSourcesBuildPhase section */
		CD77D2A920953BAF005F316D /* Sources */ = {
			isa = PBXSourcesBuildPhase;
			buildActionMask = 2147483647;
			files = (
				CD77D2B320953BAF005F316D /* ViewController.swift in Sources */,
				CD77D2C320953D82005F316D /* Inceptionv3.mlmodel in Sources */,
				CD77D2B120953BAF005F316D /* AppDelegate.swift in Sources */,
			);
			runOnlyForDeploymentPostprocessing = 0;
		};
/* End PBXSourcesBuildPhase section */

/* Begin PBXVariantGroup section */
		CD77D2B420953BAF005F316D /* Main.storyboard */ = {
			isa = PBXVariantGroup;
			children = (
				CD77D2B520953BAF005F316D /* Base */,
			);
			name = Main.storyboard;
			sourceTree = "<group>";
		};
		CD77D2B920953BB2005F316D /* LaunchScreen.storyboard */ = {
			isa = PBXVariantGroup;
			children = (
				CD77D2BA20953BB2005F316D /* Base */,
			);
			name = LaunchScreen.storyboard;
			sourceTree = "<group>";
		};
/* End PBXVariantGroup section */

/* Begin XCBuildConfiguration section */
		CD77D2BD20953BB2005F316D /* Debug */ = {
			isa = XCBuildConfiguration;
			buildSettings = {
				ALWAYS_SEARCH_USER_PATHS = NO;
				CLANG_ANALYZER_NONNULL = YES;
				CLANG_ANALYZER_NUMBER_OBJECT_CONVERSION = YES_AGGRESSIVE;
				CLANG_CXX_LANGUAGE_STANDARD = "gnu++14";
				CLANG_CXX_LIBRARY = "libc++";
				CLANG_ENABLE_MODULES = YES;
				CLANG_ENABLE_OBJC_ARC = YES;
				CLANG_ENABLE_OBJC_WEAK = YES;
				CLANG_WARN_BLOCK_CAPTURE_AUTORELEASING = YES;
				CLANG_WARN_BOOL_CONVERSION = YES;
				CLANG_WARN_COMMA = YES;
				CLANG_WARN_CONSTANT_CONVERSION = YES;
				CLANG_WARN_DEPRECATED_OBJC_IMPLEMENTATIONS = YES;
				CLANG_WARN_DIRECT_OBJC_ISA_USAGE = YES_ERROR;
				CLANG_WARN_DOCUMENTATION_COMMENTS = YES;
				CLANG_WARN_EMPTY_BODY = YES;
				CLANG_WARN_ENUM_CONVERSION = YES;
				CLANG_WARN_INFINITE_RECURSION = YES;
				CLANG_WARN_INT_CONVERSION = YES;
				CLANG_WARN_NON_LITERAL_NULL_CONVERSION = YES;
				CLANG_WARN_OBJC_IMPLICIT_RETAIN_SELF = YES;
				CLANG_WARN_OBJC_LITERAL_CONVERSION = YES;
				CLANG_WARN_OBJC_ROOT_CLASS = YES_ERROR;
				CLANG_WARN_RANGE_LOOP_ANALYSIS = YES;
				CLANG_WARN_STRICT_PROTOTYPES = YES;
				CLANG_WARN_SUSPICIOUS_MOVE = YES;
				CLANG_WARN_UNGUARDED_AVAILABILITY = YES_AGGRESSIVE;
				CLANG_WARN_UNREACHABLE_CODE = YES;
				CLANG_WARN__DUPLICATE_METHOD_MATCH = YES;
				CODE_SIGN_IDENTITY = "iPhone Developer";
				COPY_PHASE_STRIP = NO;
				DEBUG_INFORMATION_FORMAT = dwarf;
				ENABLE_STRICT_OBJC_MSGSEND = YES;
				ENABLE_TESTABILITY = YES;
				GCC_C_LANGUAGE_STANDARD = gnu11;
				GCC_DYNAMIC_NO_PIC = NO;
				GCC_NO_COMMON_BLOCKS = YES;
				GCC_OPTIMIZATION_LEVEL = 0;
				GCC_PREPROCESSOR_DEFINITIONS = (
					"DEBUG=1",
					"$(inherited)",
				);
				GCC_WARN_64_TO_32_BIT_CONVERSION = YES;
				GCC_WARN_ABOUT_RETURN_TYPE = YES_ERROR;
				GCC_WARN_UNDECLARED_SELECTOR = YES;
				GCC_WARN_UNINITIALIZED_AUTOS = YES_AGGRESSIVE;
				GCC_WARN_UNUSED_FUNCTION = YES;
				GCC_WARN_UNUSED_VARIABLE = YES;
				IPHONEOS_DEPLOYMENT_TARGET = 11.3;
				MTL_ENABLE_DEBUG_INFO = YES;
				ONLY_ACTIVE_ARCH = YES;
				SDKROOT = iphoneos;
				SWIFT_ACTIVE_COMPILATION_CONDITIONS = DEBUG;
				SWIFT_OPTIMIZATION_LEVEL = "-Onone";
			};
			name = Debug;
		};
		CD77D2BE20953BB2005F316D /* Release */ = {
			isa = XCBuildConfiguration;
			buildSettings = {
				ALWAYS_SEARCH_USER_PATHS = NO;
				CLANG_ANALYZER_NONNULL = YES;
				CLANG_ANALYZER_NUMBER_OBJECT_CONVERSION = YES_AGGRESSIVE;
				CLANG_CXX_LANGUAGE_STANDARD = "gnu++14";
				CLANG_CXX_LIBRARY = "libc++";
				CLANG_ENABLE_MODULES = YES;
				CLANG_ENABLE_OBJC_ARC = YES;
				CLANG_ENABLE_OBJC_WEAK = YES;
				CLANG_WARN_BLOCK_CAPTURE_AUTORELEASING = YES;
				CLANG_WARN_BOOL_CONVERSION = YES;
				CLANG_WARN_COMMA = YES;
				CLANG_WARN_CONSTANT_CONVERSION = YES;
				CLANG_WARN_DEPRECATED_OBJC_IMPLEMENTATIONS = YES;
				CLANG_WARN_DIRECT_OBJC_ISA_USAGE = YES_ERROR;
				CLANG_WARN_DOCUMENTATION_COMMENTS = YES;
				CLANG_WARN_EMPTY_BODY = YES;
				CLANG_WARN_ENUM_CONVERSION = YES;
				CLANG_WARN_INFINITE_RECURSION = YES;
				CLANG_WARN_INT_CONVERSION = YES;
				CLANG_WARN_NON_LITERAL_NULL_CONVERSION = YES;
				CLANG_WARN_OBJC_IMPLICIT_RETAIN_SELF = YES;
				CLANG_WARN_OBJC_LITERAL_CONVERSION = YES;
				CLANG_WARN_OBJC_ROOT_CLASS = YES_ERROR;
				CLANG_WARN_RANGE_LOOP_ANALYSIS = YES;
				CLANG_WARN_STRICT_PROTOTYPES = YES;
				CLANG_WARN_SUSPICIOUS_MOVE = YES;
				CLANG_WARN_UNGUARDED_AVAILABILITY = YES_AGGRESSIVE;
				CLANG_WARN_UNREACHABLE_CODE = YES;
				CLANG_WARN__DUPLICATE_METHOD_MATCH = YES;
				CODE_SIGN_IDENTITY = "iPhone Developer";
				COPY_PHASE_STRIP = NO;
				DEBUG_INFORMATION_FORMAT = "dwarf-with-dsym";
				ENABLE_NS_ASSERTIONS = NO;
				ENABLE_STRICT_OBJC_MSGSEND = YES;
				GCC_C_LANGUAGE_STANDARD = gnu11;
				GCC_NO_COMMON_BLOCKS = YES;
				GCC_WARN_64_TO_32_BIT_CONVERSION = YES;
				GCC_WARN_ABOUT_RETURN_TYPE = YES_ERROR;
				GCC_WARN_UNDECLARED_SELECTOR = YES;
				GCC_WARN_UNINITIALIZED_AUTOS = YES_AGGRESSIVE;
				GCC_WARN_UNUSED_FUNCTION = YES;
				GCC_WARN_UNUSED_VARIABLE = YES;
				IPHONEOS_DEPLOYMENT_TARGET = 11.3;
				MTL_ENABLE_DEBUG_INFO = NO;
				SDKROOT = iphoneos;
				SWIFT_COMPILATION_MODE = wholemodule;
				SWIFT_OPTIMIZATION_LEVEL = "-O";
				VALIDATE_PRODUCT = YES;
			};
			name = Release;
		};
		CD77D2C020953BB2005F316D /* Debug */ = {
			isa = XCBuildConfiguration;
			buildSettings = {
				ASSETCATALOG_COMPILER_APPICON_NAME = AppIcon;
				CODE_SIGN_STYLE = Automatic;
				DEVELOPMENT_TEAM = 3K3569JFML;
				INFOPLIST_FILE = CoreMLExperiment/Info.plist;
				LD_RUNPATH_SEARCH_PATHS = (
					"$(inherited)",
					"@executable_path/Frameworks",
				);
				PRODUCT_BUNDLE_IDENTIFIER = com.moros.CoreMLExperiment;
				PRODUCT_NAME = "$(TARGET_NAME)";
				SWIFT_VERSION = 4.0;
				TARGETED_DEVICE_FAMILY = "1,2";
			};
			name = Debug;
		};
		CD77D2C120953BB2005F316D /* Release */ = {
			isa = XCBuildConfiguration;
			buildSettings = {
				ASSETCATALOG_COMPILER_APPICON_NAME = AppIcon;
				CODE_SIGN_STYLE = Automatic;
				DEVELOPMENT_TEAM = 3K3569JFML;
				INFOPLIST_FILE = CoreMLExperiment/Info.plist;
				LD_RUNPATH_SEARCH_PATHS = (
					"$(inherited)",
					"@executable_path/Frameworks",
				);
				PRODUCT_BUNDLE_IDENTIFIER = com.moros.CoreMLExperiment;
				PRODUCT_NAME = "$(TARGET_NAME)";
				SWIFT_VERSION = 4.0;
				TARGETED_DEVICE_FAMILY = "1,2";
			};
			name = Release;
		};
/* End XCBuildConfiguration section */

/* Begin XCConfigurationList section */
		CD77D2A820953BAF005F316D /* Build configuration list for PBXProject "CoreMLExperiment" */ = {
			isa = XCConfigurationList;
			buildConfigurations = (
				CD77D2BD20953BB2005F316D /* Debug */,
				CD77D2BE20953BB2005F316D /* Release */,
			);
			defaultConfigurationIsVisible = 0;
			defaultConfigurationName = Release;
		};
		CD77D2BF20953BB2005F316D /* Build configuration list for PBXNativeTarget "CoreMLExperiment" */ = {
			isa = XCConfigurationList;
			buildConfigurations = (
				CD77D2C020953BB2005F316D /* Debug */,
				CD77D2C120953BB2005F316D /* Release */,
			);
			defaultConfigurationIsVisible = 0;
			defaultConfigurationName = Release;
		};
/* End XCConfigurationList section */
	};
	rootObject = CD77D2A520953BAF005F316D /* Project object */;
}
